
Microsoft Visual Studio Solution File, Format Version 12.00
# Visual Studio Version 16
VisualStudioVersion = 16.0.31402.337
MinimumVisualStudioVersion = 10.0.40219.1
Project("{FAE04EC0-301F-11D3-BF4B-00C04F79EFBC}") = "mini_scope_pc", "mini_scope_pc\mini_scope_pc.csproj", "{C8A1A2C4-9623-405B-B6D7-3D9F52E7A018}"
EndProject
Global
	GlobalSection(SolutionConfigurationPlatforms) = preSolution
		Debug|Any CPU = Debug|Any CPU
		Release|Any CPU = Release|Any CPU
	EndGlobalSection
	GlobalSection(ProjectConfigurationPlatforms) = postSolution
		{C8A1A2C4-9623-405B-B6D7-3D9F52E7A018}.Debug|Any CPU.ActiveCfg = Debug|Any CPU
		{C8A1A2C4-9623-405B-B6D7-3D9F52E7A018}.Debug|Any CPU.Build.0 = Debug|Any CPU
		{C8A1A2C4-9623-405B-B6D7-3D9F52E7A018}.Release|Any CPU.ActiveCfg = Release|Any CPU
		{C8A1A2C4-9623-405B-B6D7-3D9F52E7A018}.Release|Any CPU.Build.0 = Release|Any CPU
	EndGlobalSection
	GlobalSection(SolutionProperties) = preSolution
		HideSolutionNode = FALSE
	EndGlobalSection
	GlobalSection(ExtensibilityGlobals) = postSolution
		SolutionGuid = {4E3DC831-B3F0-4D81-B71C-71DA74629EEE}
	EndGlobalSection
EndGlobal
